// !$*UTF8*$!
{
	archiveVersion = 1;
	classes = {
	};
	objectVersion = 46;
	objects = {

/* Begin PBXBuildFile section */
		125203AA21621A6D00ABF751 /* libIL.dylib in Frameworks */ = {isa = PBXBuildFile; fileRef = D0146C772160CD01003ACA39 /* libIL.dylib */; };
		125203AB21621A6D00ABF751 /* libILU.dylib in Frameworks */ = {isa = PBXBuildFile; fileRef = D0146C752160CD00003ACA39 /* libILU.dylib */; };
		125203AC21621A6D00ABF751 /* libILUT.dylib in Frameworks */ = {isa = PBXBuildFile; fileRef = D0146C762160CD00003ACA39 /* libILUT.dylib */; };
		125203AE21621B5800ABF751 /* lib in CopyFiles */ = {isa = PBXBuildFile; fileRef = 125203AD21621B5800ABF751 /* lib */; };
		125203B1216229AA00ABF751 /* TextureLoader.cpp in Sources */ = {isa = PBXBuildFile; fileRef = 125203AF216229AA00ABF751 /* TextureLoader.cpp */; };
		125203B421622F4500ABF751 /* Stage1.cpp in Sources */ = {isa = PBXBuildFile; fileRef = 125203B221622F4500ABF751 /* Stage1.cpp */; };
		12805B3221620F950078DCB1 /* libGLEW.2.1.0.dylib in Frameworks */ = {isa = PBXBuildFile; fileRef = 12805B3121620F950078DCB1 /* libGLEW.2.1.0.dylib */; };
		12805B37216210280078DCB1 /* libglfw.3.2.dylib in Frameworks */ = {isa = PBXBuildFile; fileRef = 12805B36216210280078DCB1 /* libglfw.3.2.dylib */; };
		12805B3C216214610078DCB1 /* textures in CopyFiles */ = {isa = PBXBuildFile; fileRef = 12805B3B216214610078DCB1 /* textures */; };
		D05DB35B1E2EB92500DB150E /* Cocoa.framework in Frameworks */ = {isa = PBXBuildFile; fileRef = D05DB35A1E2EB92500DB150E /* Cocoa.framework */; };
		D05DB35D1E2EB95900DB150E /* IOKit.framework in Frameworks */ = {isa = PBXBuildFile; fileRef = D05DB35C1E2EB95900DB150E /* IOKit.framework */; };
		D05DB35F1E2EB96500DB150E /* CoreVideo.framework in Frameworks */ = {isa = PBXBuildFile; fileRef = D05DB35E1E2EB96500DB150E /* CoreVideo.framework */; };
		D08058281E2E9B4900BA9384 /* main.cpp in Sources */ = {isa = PBXBuildFile; fileRef = D08058271E2E9B4900BA9384 /* main.cpp */; };
		D08058321E2EA0C000BA9384 /* OpenGL.framework in Frameworks */ = {isa = PBXBuildFile; fileRef = D08058311E2EA0C000BA9384 /* OpenGL.framework */; };
		D0BD668D2157EF2700E332F5 /* Square.cpp in Sources */ = {isa = PBXBuildFile; fileRef = D0BD668B2157EF2700E332F5 /* Square.cpp */; };
		D0BD66902157FE6C00E332F5 /* Color.cpp in Sources */ = {isa = PBXBuildFile; fileRef = D0BD668E2157FE6C00E332F5 /* Color.cpp */; };
		D0BD66932158138000E332F5 /* Cube.cpp in Sources */ = {isa = PBXBuildFile; fileRef = D0BD66912158138000E332F5 /* Cube.cpp */; };
		D0BD669621593A8A00E332F5 /* World.cpp in Sources */ = {isa = PBXBuildFile; fileRef = D0BD669421593A8A00E332F5 /* World.cpp */; };
		D0BD669A2159426700E332F5 /* Controls.cpp in Sources */ = {isa = PBXBuildFile; fileRef = D0BD66982159426700E332F5 /* Controls.cpp */; };
		D0D6464B2156B48A00917316 /* Object3D.cpp in Sources */ = {isa = PBXBuildFile; fileRef = D0D646492156B48900917316 /* Object3D.cpp */; };
		D0E988F91F6D1DF4002EAABD /* Point.cpp in Sources */ = {isa = PBXBuildFile; fileRef = D0E988F71F6D1DF4002EAABD /* Point.cpp */; };
		D0E988FC1F6D1F0B002EAABD /* Triangle.cpp in Sources */ = {isa = PBXBuildFile; fileRef = D0E988FA1F6D1F0B002EAABD /* Triangle.cpp */; };
/* End PBXBuildFile section */

/* Begin PBXCopyFilesBuildPhase section */
		D08058221E2E9B4800BA9384 /* CopyFiles */ = {
			isa = PBXCopyFilesBuildPhase;
			buildActionMask = 12;
			dstPath = "";
			dstSubfolderSpec = 6;
			files = (
				125203AE21621B5800ABF751 /* lib in CopyFiles */,
				12805B3C216214610078DCB1 /* textures in CopyFiles */,
			);
			runOnlyForDeploymentPostprocessing = 0;
		};
/* End PBXCopyFilesBuildPhase section */

/* Begin PBXFileReference section */
		125203AD21621B5800ABF751 /* lib */ = {isa = PBXFileReference; lastKnownFileType = folder; name = lib; path = test/lib; sourceTree = "<group>"; };
		125203AF216229AA00ABF751 /* TextureLoader.cpp */ = {isa = PBXFileReference; lastKnownFileType = sourcecode.cpp.cpp; path = TextureLoader.cpp; sourceTree = "<group>"; };
		125203B0216229AA00ABF751 /* TextureLoader.hpp */ = {isa = PBXFileReference; lastKnownFileType = sourcecode.cpp.h; path = TextureLoader.hpp; sourceTree = "<group>"; };
		125203B221622F4500ABF751 /* Stage1.cpp */ = {isa = PBXFileReference; lastKnownFileType = sourcecode.cpp.cpp; path = Stage1.cpp; sourceTree = "<group>"; };
		125203B321622F4500ABF751 /* Stage1.hpp */ = {isa = PBXFileReference; lastKnownFileType = sourcecode.cpp.h; path = Stage1.hpp; sourceTree = "<group>"; };
		12805B2E21620F510078DCB1 /* glew.h */ = {isa = PBXFileReference; fileEncoding = 4; lastKnownFileType = sourcecode.c.h; path = glew.h; sourceTree = "<group>"; };
		12805B2F21620F510078DCB1 /* glxew.h */ = {isa = PBXFileReference; fileEncoding = 4; lastKnownFileType = sourcecode.c.h; path = glxew.h; sourceTree = "<group>"; };
		12805B3021620F510078DCB1 /* wglew.h */ = {isa = PBXFileReference; fileEncoding = 4; lastKnownFileType = sourcecode.c.h; path = wglew.h; sourceTree = "<group>"; };
		12805B3121620F950078DCB1 /* libGLEW.2.1.0.dylib */ = {isa = PBXFileReference; lastKnownFileType = "compiled.mach-o.dylib"; path = libGLEW.2.1.0.dylib; sourceTree = "<group>"; };
		12805B34216210080078DCB1 /* glfw3native.h */ = {isa = PBXFileReference; fileEncoding = 4; lastKnownFileType = sourcecode.c.h; path = glfw3native.h; sourceTree = "<group>"; };
		12805B35216210080078DCB1 /* glfw3.h */ = {isa = PBXFileReference; fileEncoding = 4; lastKnownFileType = sourcecode.c.h; path = glfw3.h; sourceTree = "<group>"; };
		12805B36216210280078DCB1 /* libglfw.3.2.dylib */ = {isa = PBXFileReference; lastKnownFileType = "compiled.mach-o.dylib"; path = libglfw.3.2.dylib; sourceTree = "<group>"; };
		12805B3B216214610078DCB1 /* textures */ = {isa = PBXFileReference; lastKnownFileType = folder; name = textures; path = test/textures; sourceTree = "<group>"; };
		D0146C722160CCBC003ACA39 /* il.h */ = {isa = PBXFileReference; fileEncoding = 4; lastKnownFileType = sourcecode.c.h; path = il.h; sourceTree = "<group>"; };
		D0146C732160CCBC003ACA39 /* ilut.h */ = {isa = PBXFileReference; fileEncoding = 4; lastKnownFileType = sourcecode.c.h; path = ilut.h; sourceTree = "<group>"; };
		D0146C742160CCBD003ACA39 /* ilu.h */ = {isa = PBXFileReference; fileEncoding = 4; lastKnownFileType = sourcecode.c.h; path = ilu.h; sourceTree = "<group>"; };
		D0146C752160CD00003ACA39 /* libILU.dylib */ = {isa = PBXFileReference; lastKnownFileType = "compiled.mach-o.dylib"; path = libILU.dylib; sourceTree = "<group>"; };
		D0146C762160CD00003ACA39 /* libILUT.dylib */ = {isa = PBXFileReference; lastKnownFileType = "compiled.mach-o.dylib"; path = libILUT.dylib; sourceTree = "<group>"; };
		D0146C772160CD01003ACA39 /* libIL.dylib */ = {isa = PBXFileReference; lastKnownFileType = "compiled.mach-o.dylib"; path = libIL.dylib; sourceTree = "<group>"; };
		D0146C7B2160CE52003ACA39 /* texture1.jpg */ = {isa = PBXFileReference; lastKnownFileType = image.jpeg; path = texture1.jpg; sourceTree = "<group>"; };
		D0146C7C2160D77B003ACA39 /* texture2.jpg */ = {isa = PBXFileReference; lastKnownFileType = image.jpeg; path = texture2.jpg; sourceTree = "<group>"; };
		D0146C7D2160DB60003ACA39 /* texture3.bmp */ = {isa = PBXFileReference; lastKnownFileType = image.bmp; path = texture3.bmp; sourceTree = "<group>"; };
		D05DB35A1E2EB92500DB150E /* Cocoa.framework */ = {isa = PBXFileReference; lastKnownFileType = wrapper.framework; name = Cocoa.framework; path = System/Library/Frameworks/Cocoa.framework; sourceTree = SDKROOT; };
		D05DB35C1E2EB95900DB150E /* IOKit.framework */ = {isa = PBXFileReference; lastKnownFileType = wrapper.framework; name = IOKit.framework; path = System/Library/Frameworks/IOKit.framework; sourceTree = SDKROOT; };
		D05DB35E1E2EB96500DB150E /* CoreVideo.framework */ = {isa = PBXFileReference; lastKnownFileType = wrapper.framework; name = CoreVideo.framework; path = System/Library/Frameworks/CoreVideo.framework; sourceTree = SDKROOT; };
		D08058241E2E9B4900BA9384 /* test */ = {isa = PBXFileReference; explicitFileType = "compiled.mach-o.executable"; includeInIndex = 0; path = test; sourceTree = BUILT_PRODUCTS_DIR; };
		D08058271E2E9B4900BA9384 /* main.cpp */ = {isa = PBXFileReference; lastKnownFileType = sourcecode.cpp.cpp; path = main.cpp; sourceTree = "<group>"; };
		D080582F1E2E9E7700BA9384 /* GLUT.framework */ = {isa = PBXFileReference; lastKnownFileType = wrapper.framework; name = GLUT.framework; path = System/Library/Frameworks/GLUT.framework; sourceTree = SDKROOT; };
		D08058311E2EA0C000BA9384 /* OpenGL.framework */ = {isa = PBXFileReference; lastKnownFileType = wrapper.framework; name = OpenGL.framework; path = System/Library/Frameworks/OpenGL.framework; sourceTree = SDKROOT; };
		D0BD668B2157EF2700E332F5 /* Square.cpp */ = {isa = PBXFileReference; lastKnownFileType = sourcecode.cpp.cpp; path = Square.cpp; sourceTree = "<group>"; };
		D0BD668C2157EF2700E332F5 /* Square.hpp */ = {isa = PBXFileReference; lastKnownFileType = sourcecode.cpp.h; path = Square.hpp; sourceTree = "<group>"; };
		D0BD668E2157FE6C00E332F5 /* Color.cpp */ = {isa = PBXFileReference; lastKnownFileType = sourcecode.cpp.cpp; path = Color.cpp; sourceTree = "<group>"; };
		D0BD668F2157FE6C00E332F5 /* Color.hpp */ = {isa = PBXFileReference; lastKnownFileType = sourcecode.cpp.h; path = Color.hpp; sourceTree = "<group>"; };
		D0BD66912158138000E332F5 /* Cube.cpp */ = {isa = PBXFileReference; lastKnownFileType = sourcecode.cpp.cpp; path = Cube.cpp; sourceTree = "<group>"; };
		D0BD66922158138000E332F5 /* Cube.hpp */ = {isa = PBXFileReference; lastKnownFileType = sourcecode.cpp.h; path = Cube.hpp; sourceTree = "<group>"; };
		D0BD669421593A8A00E332F5 /* World.cpp */ = {isa = PBXFileReference; lastKnownFileType = sourcecode.cpp.cpp; path = World.cpp; sourceTree = "<group>"; };
		D0BD669521593A8A00E332F5 /* World.hpp */ = {isa = PBXFileReference; lastKnownFileType = sourcecode.cpp.h; path = World.hpp; sourceTree = "<group>"; };
		D0BD66982159426700E332F5 /* Controls.cpp */ = {isa = PBXFileReference; lastKnownFileType = sourcecode.cpp.cpp; path = Controls.cpp; sourceTree = "<group>"; };
		D0BD66992159426700E332F5 /* Controls.hpp */ = {isa = PBXFileReference; lastKnownFileType = sourcecode.cpp.h; path = Controls.hpp; sourceTree = "<group>"; };
		D0D646492156B48900917316 /* Object3D.cpp */ = {isa = PBXFileReference; lastKnownFileType = sourcecode.cpp.cpp; path = Object3D.cpp; sourceTree = "<group>"; };
		D0D6464A2156B48900917316 /* Object3D.hpp */ = {isa = PBXFileReference; lastKnownFileType = sourcecode.cpp.h; path = Object3D.hpp; sourceTree = "<group>"; };
		D0E988F71F6D1DF4002EAABD /* Point.cpp */ = {isa = PBXFileReference; fileEncoding = 4; lastKnownFileType = sourcecode.cpp.cpp; path = Point.cpp; sourceTree = "<group>"; };
		D0E988F81F6D1DF4002EAABD /* Point.hpp */ = {isa = PBXFileReference; fileEncoding = 4; lastKnownFileType = sourcecode.cpp.h; path = Point.hpp; sourceTree = "<group>"; };
		D0E988FA1F6D1F0B002EAABD /* Triangle.cpp */ = {isa = PBXFileReference; fileEncoding = 4; lastKnownFileType = sourcecode.cpp.cpp; path = Triangle.cpp; sourceTree = "<group>"; };
		D0E988FB1F6D1F0B002EAABD /* Triangle.hpp */ = {isa = PBXFileReference; fileEncoding = 4; lastKnownFileType = sourcecode.cpp.h; path = Triangle.hpp; sourceTree = "<group>"; };
/* End PBXFileReference section */

/* Begin PBXFrameworksBuildPhase section */
		D08058211E2E9B4800BA9384 /* Frameworks */ = {
			isa = PBXFrameworksBuildPhase;
			buildActionMask = 2147483647;
			files = (
				125203AA21621A6D00ABF751 /* libIL.dylib in Frameworks */,
				125203AB21621A6D00ABF751 /* libILU.dylib in Frameworks */,
				125203AC21621A6D00ABF751 /* libILUT.dylib in Frameworks */,
				D05DB35F1E2EB96500DB150E /* CoreVideo.framework in Frameworks */,
				D05DB35D1E2EB95900DB150E /* IOKit.framework in Frameworks */,
				12805B37216210280078DCB1 /* libglfw.3.2.dylib in Frameworks */,
				12805B3221620F950078DCB1 /* libGLEW.2.1.0.dylib in Frameworks */,
				D05DB35B1E2EB92500DB150E /* Cocoa.framework in Frameworks */,
				D08058321E2EA0C000BA9384 /* OpenGL.framework in Frameworks */,
			);
			runOnlyForDeploymentPostprocessing = 0;
		};
/* End PBXFrameworksBuildPhase section */

/* Begin PBXGroup section */
		12805B2D21620F2B0078DCB1 /* GL */ = {
			isa = PBXGroup;
			children = (
				12805B2E21620F510078DCB1 /* glew.h */,
				12805B2F21620F510078DCB1 /* glxew.h */,
				12805B3021620F510078DCB1 /* wglew.h */,
			);
			path = GL;
			sourceTree = "<group>";
		};
		12805B3321620FDA0078DCB1 /* GLFW */ = {
			isa = PBXGroup;
			children = (
				12805B35216210080078DCB1 /* glfw3.h */,
				12805B34216210080078DCB1 /* glfw3native.h */,
			);
			path = GLFW;
			sourceTree = "<group>";
		};
		D0146C622160B999003ACA39 /* textures */ = {
			isa = PBXGroup;
			children = (
				D0146C7D2160DB60003ACA39 /* texture3.bmp */,
				D0146C7C2160D77B003ACA39 /* texture2.jpg */,
				D0146C7B2160CE52003ACA39 /* texture1.jpg */,
			);
			name = textures;
			path = test/textures;
			sourceTree = SOURCE_ROOT;
		};
		D0146C662160BBD6003ACA39 /* include */ = {
			isa = PBXGroup;
			children = (
				12805B3321620FDA0078DCB1 /* GLFW */,
				12805B2D21620F2B0078DCB1 /* GL */,
				D0146C712160CC85003ACA39 /* IL */,
			);
			path = include;
			sourceTree = "<group>";
		};
		D0146C6F2160C655003ACA39 /* lib */ = {
			isa = PBXGroup;
			children = (
				12805B36216210280078DCB1 /* libglfw.3.2.dylib */,
				12805B3121620F950078DCB1 /* libGLEW.2.1.0.dylib */,
				D0146C772160CD01003ACA39 /* libIL.dylib */,
				D0146C752160CD00003ACA39 /* libILU.dylib */,
				D0146C762160CD00003ACA39 /* libILUT.dylib */,
			);
			path = lib;
			sourceTree = "<group>";
		};
		D0146C712160CC85003ACA39 /* IL */ = {
			isa = PBXGroup;
			children = (
				D0146C722160CCBC003ACA39 /* il.h */,
				D0146C742160CCBD003ACA39 /* ilu.h */,
				D0146C732160CCBC003ACA39 /* ilut.h */,
			);
			path = IL;
			sourceTree = "<group>";
		};
		D080581B1E2E9B4800BA9384 = {
			isa = PBXGroup;
			children = (
				125203AD21621B5800ABF751 /* lib */,
				12805B3B216214610078DCB1 /* textures */,
				D08058261E2E9B4900BA9384 /* test */,
				D08058251E2E9B4900BA9384 /* Products */,
				D080582E1E2E9E7700BA9384 /* Frameworks */,
			);
			sourceTree = "<group>";
		};
		D08058251E2E9B4900BA9384 /* Products */ = {
			isa = PBXGroup;
			children = (
				D08058241E2E9B4900BA9384 /* test */,
			);
			name = Products;
			sourceTree = "<group>";
		};
		D08058261E2E9B4900BA9384 /* test */ = {
			isa = PBXGroup;
			children = (
				D0146C6F2160C655003ACA39 /* lib */,
				D0146C662160BBD6003ACA39 /* include */,
				D0146C622160B999003ACA39 /* textures */,
				D09D0A2E1F3048B700C1B021 /* classes */,
				D08058271E2E9B4900BA9384 /* main.cpp */,
			);
			path = test;
			sourceTree = "<group>";
		};
		D080582E1E2E9E7700BA9384 /* Frameworks */ = {
			isa = PBXGroup;
			children = (
				D05DB35E1E2EB96500DB150E /* CoreVideo.framework */,
				D05DB35C1E2EB95900DB150E /* IOKit.framework */,
				D05DB35A1E2EB92500DB150E /* Cocoa.framework */,
				D08058311E2EA0C000BA9384 /* OpenGL.framework */,
				D080582F1E2E9E7700BA9384 /* GLUT.framework */,
			);
			name = Frameworks;
			sourceTree = "<group>";
		};
		D09D0A2E1F3048B700C1B021 /* classes */ = {
			isa = PBXGroup;
			children = (
				D0E988F71F6D1DF4002EAABD /* Point.cpp */,
				D0E988F81F6D1DF4002EAABD /* Point.hpp */,
				D0E988FA1F6D1F0B002EAABD /* Triangle.cpp */,
				D0E988FB1F6D1F0B002EAABD /* Triangle.hpp */,
				D0D646492156B48900917316 /* Object3D.cpp */,
				D0D6464A2156B48900917316 /* Object3D.hpp */,
				D0BD668B2157EF2700E332F5 /* Square.cpp */,
				D0BD668C2157EF2700E332F5 /* Square.hpp */,
				D0BD668E2157FE6C00E332F5 /* Color.cpp */,
				D0BD668F2157FE6C00E332F5 /* Color.hpp */,
				D0BD66912158138000E332F5 /* Cube.cpp */,
				D0BD66922158138000E332F5 /* Cube.hpp */,
				D0BD669421593A8A00E332F5 /* World.cpp */,
				D0BD669521593A8A00E332F5 /* World.hpp */,
				D0BD66982159426700E332F5 /* Controls.cpp */,
				D0BD66992159426700E332F5 /* Controls.hpp */,
				125203AF216229AA00ABF751 /* TextureLoader.cpp */,
				125203B0216229AA00ABF751 /* TextureLoader.hpp */,
				125203B221622F4500ABF751 /* Stage1.cpp */,
				125203B321622F4500ABF751 /* Stage1.hpp */,
			);
			name = classes;
			sourceTree = "<group>";
		};
/* End PBXGroup section */

/* Begin PBXNativeTarget section */
		D08058231E2E9B4800BA9384 /* test */ = {
			isa = PBXNativeTarget;
			buildConfigurationList = D080582B1E2E9B4900BA9384 /* Build configuration list for PBXNativeTarget "test" */;
			buildPhases = (
				D08058201E2E9B4800BA9384 /* Sources */,
				D08058211E2E9B4800BA9384 /* Frameworks */,
				D08058221E2E9B4800BA9384 /* CopyFiles */,
			);
			buildRules = (
			);
			dependencies = (
			);
			name = test;
			productName = test;
			productReference = D08058241E2E9B4900BA9384 /* test */;
			productType = "com.apple.product-type.tool";
		};
/* End PBXNativeTarget section */

/* Begin PBXProject section */
		D080581C1E2E9B4800BA9384 /* Project object */ = {
			isa = PBXProject;
			attributes = {
				LastUpgradeCheck = 0820;
				ORGANIZATIONNAME = "Home-studio";
				TargetAttributes = {
					D08058231E2E9B4800BA9384 = {
						CreatedOnToolsVersion = 8.2.1;
						ProvisioningStyle = Automatic;
					};
				};
			};
			buildConfigurationList = D080581F1E2E9B4800BA9384 /* Build configuration list for PBXProject "test" */;
			compatibilityVersion = "Xcode 3.2";
			developmentRegion = English;
			hasScannedForEncodings = 0;
			knownRegions = (
				en,
			);
			mainGroup = D080581B1E2E9B4800BA9384;
			productRefGroup = D08058251E2E9B4900BA9384 /* Products */;
			projectDirPath = "";
			projectRoot = "";
			targets = (
				D08058231E2E9B4800BA9384 /* test */,
			);
		};
/* End PBXProject section */

/* Begin PBXSourcesBuildPhase section */
		D08058201E2E9B4800BA9384 /* Sources */ = {
			isa = PBXSourcesBuildPhase;
			buildActionMask = 2147483647;
			files = (
				125203B1216229AA00ABF751 /* TextureLoader.cpp in Sources */,
				D0BD668D2157EF2700E332F5 /* Square.cpp in Sources */,
				D0BD669A2159426700E332F5 /* Controls.cpp in Sources */,
				D0BD66902157FE6C00E332F5 /* Color.cpp in Sources */,
				D0BD669621593A8A00E332F5 /* World.cpp in Sources */,
				D0E988F91F6D1DF4002EAABD /* Point.cpp in Sources */,
				D0BD66932158138000E332F5 /* Cube.cpp in Sources */,
				D0E988FC1F6D1F0B002EAABD /* Triangle.cpp in Sources */,
				D08058281E2E9B4900BA9384 /* main.cpp in Sources */,
				125203B421622F4500ABF751 /* Stage1.cpp in Sources */,
				D0D6464B2156B48A00917316 /* Object3D.cpp in Sources */,
			);
			runOnlyForDeploymentPostprocessing = 0;
		};
/* End PBXSourcesBuildPhase section */

/* Begin XCBuildConfiguration section */
		D08058291E2E9B4900BA9384 /* Debug */ = {
			isa = XCBuildConfiguration;
			buildSettings = {
				ALWAYS_SEARCH_USER_PATHS = NO;
				CLANG_ANALYZER_NONNULL = YES;
				CLANG_CXX_LANGUAGE_STANDARD = "gnu++0x";
				CLANG_CXX_LIBRARY = "libc++";
				CLANG_ENABLE_MODULES = YES;
				CLANG_ENABLE_OBJC_ARC = YES;
				CLANG_WARN_BOOL_CONVERSION = YES;
				CLANG_WARN_CONSTANT_CONVERSION = YES;
				CLANG_WARN_DIRECT_OBJC_ISA_USAGE = YES_ERROR;
				CLANG_WARN_DOCUMENTATION_COMMENTS = YES;
				CLANG_WARN_EMPTY_BODY = YES;
				CLANG_WARN_ENUM_CONVERSION = YES;
				CLANG_WARN_INFINITE_RECURSION = YES;
				CLANG_WARN_INT_CONVERSION = YES;
				CLANG_WARN_OBJC_ROOT_CLASS = YES_ERROR;
				CLANG_WARN_SUSPICIOUS_MOVE = YES;
				CLANG_WARN_UNREACHABLE_CODE = YES;
				CLANG_WARN__DUPLICATE_METHOD_MATCH = YES;
				CODE_SIGN_IDENTITY = "-";
				COPY_PHASE_STRIP = NO;
				DEBUG_INFORMATION_FORMAT = dwarf;
				ENABLE_STRICT_OBJC_MSGSEND = YES;
				ENABLE_TESTABILITY = YES;
				GCC_C_LANGUAGE_STANDARD = gnu99;
				GCC_DYNAMIC_NO_PIC = NO;
				GCC_NO_COMMON_BLOCKS = YES;
				GCC_OPTIMIZATION_LEVEL = 0;
				GCC_PREPROCESSOR_DEFINITIONS = (
					"DEBUG=1",
					"$(inherited)",
				);
				GCC_WARN_64_TO_32_BIT_CONVERSION = YES;
				GCC_WARN_ABOUT_RETURN_TYPE = YES_ERROR;
				GCC_WARN_UNDECLARED_SELECTOR = YES;
				GCC_WARN_UNINITIALIZED_AUTOS = YES_AGGRESSIVE;
				GCC_WARN_UNUSED_FUNCTION = YES;
				GCC_WARN_UNUSED_VARIABLE = YES;
				MACOSX_DEPLOYMENT_TARGET = 10.11;
				MTL_ENABLE_DEBUG_INFO = YES;
				ONLY_ACTIVE_ARCH = YES;
				SDKROOT = macosx;
			};
			name = Debug;
		};
		D080582A1E2E9B4900BA9384 /* Release */ = {
			isa = XCBuildConfiguration;
			buildSettings = {
				ALWAYS_SEARCH_USER_PATHS = NO;
				CLANG_ANALYZER_NONNULL = YES;
				CLANG_CXX_LANGUAGE_STANDARD = "gnu++0x";
				CLANG_CXX_LIBRARY = "libc++";
				CLANG_ENABLE_MODULES = YES;
				CLANG_ENABLE_OBJC_ARC = YES;
				CLANG_WARN_BOOL_CONVERSION = YES;
				CLANG_WARN_CONSTANT_CONVERSION = YES;
				CLANG_WARN_DIRECT_OBJC_ISA_USAGE = YES_ERROR;
				CLANG_WARN_DOCUMENTATION_COMMENTS = YES;
				CLANG_WARN_EMPTY_BODY = YES;
				CLANG_WARN_ENUM_CONVERSION = YES;
				CLANG_WARN_INFINITE_RECURSION = YES;
				CLANG_WARN_INT_CONVERSION = YES;
				CLANG_WARN_OBJC_ROOT_CLASS = YES_ERROR;
				CLANG_WARN_SUSPICIOUS_MOVE = YES;
				CLANG_WARN_UNREACHABLE_CODE = YES;
				CLANG_WARN__DUPLICATE_METHOD_MATCH = YES;
				CODE_SIGN_IDENTITY = "-";
				COPY_PHASE_STRIP = NO;
				DEBUG_INFORMATION_FORMAT = "dwarf-with-dsym";
				ENABLE_NS_ASSERTIONS = NO;
				ENABLE_STRICT_OBJC_MSGSEND = YES;
				GCC_C_LANGUAGE_STANDARD = gnu99;
				GCC_NO_COMMON_BLOCKS = YES;
				GCC_WARN_64_TO_32_BIT_CONVERSION = YES;
				GCC_WARN_ABOUT_RETURN_TYPE = YES_ERROR;
				GCC_WARN_UNDECLARED_SELECTOR = YES;
				GCC_WARN_UNINITIALIZED_AUTOS = YES_AGGRESSIVE;
				GCC_WARN_UNUSED_FUNCTION = YES;
				GCC_WARN_UNUSED_VARIABLE = YES;
				MACOSX_DEPLOYMENT_TARGET = 10.11;
				MTL_ENABLE_DEBUG_INFO = NO;
				SDKROOT = macosx;
			};
			name = Release;
		};
		D080582C1E2E9B4900BA9384 /* Debug */ = {
			isa = XCBuildConfiguration;
			buildSettings = {
				HEADER_SEARCH_PATHS = (
					/usr/local/Cellar/glfw/3.2.1/include,
					/usr/local/Cellar/glew/2.0.0/include,
					/usr/local/Cellar/glm/0.9.9.2/include,
					"$(PROJECT_DIR)/test/include",
				);
				LIBRARY_SEARCH_PATHS = (
					"$(inherited)",
					/usr/local/Cellar/glfw/3.2.1/lib,
					/usr/local/Cellar/glew/2.0.0/lib,
					/usr/local/Cellar/glm/0.9.9.2/lib,
					"$(PROJECT_DIR)/test",
					"$(PROJECT_DIR)/test/lib",
				);
				MACOSX_DEPLOYMENT_TARGET = 10.11;
				PRODUCT_NAME = "$(TARGET_NAME)";
			};
			name = Debug;
		};
		D080582D1E2E9B4900BA9384 /* Release */ = {
			isa = XCBuildConfiguration;
			buildSettings = {
				HEADER_SEARCH_PATHS = (
					/usr/local/Cellar/glfw/3.2.1/include,
					/usr/local/Cellar/glew/2.0.0/include,
					/usr/local/Cellar/glm/0.9.9.2/include,
					"$(PROJECT_DIR)/test/include",
				);
				LIBRARY_SEARCH_PATHS = (
					"$(inherited)",
					/usr/local/Cellar/glfw/3.2.1/lib,
					/usr/local/Cellar/glew/2.0.0/lib,
					/usr/local/Cellar/glm/0.9.9.2/lib,
					"$(PROJECT_DIR)/test",
					"$(PROJECT_DIR)/test/lib",
				);
				MACOSX_DEPLOYMENT_TARGET = 10.11;
				PRODUCT_NAME = "$(TARGET_NAME)";
			};
			name = Release;
		};
/* End XCBuildConfiguration section */

/* Begin XCConfigurationList section */
		D080581F1E2E9B4800BA9384 /* Build configuration list for PBXProject "test" */ = {
			isa = XCConfigurationList;
			buildConfigurations = (
				D08058291E2E9B4900BA9384 /* Debug */,
				D080582A1E2E9B4900BA9384 /* Release */,
			);
			defaultConfigurationIsVisible = 0;
			defaultConfigurationName = Release;
		};
		D080582B1E2E9B4900BA9384 /* Build configuration list for PBXNativeTarget "test" */ = {
			isa = XCConfigurationList;
			buildConfigurations = (
				D080582C1E2E9B4900BA9384 /* Debug */,
				D080582D1E2E9B4900BA9384 /* Release */,
			);
			defaultConfigurationIsVisible = 0;
			defaultConfigurationName = Release;
		};
/* End XCConfigurationList section */
	};
	rootObject = D080581C1E2E9B4800BA9384 /* Project object */;
}
